
Microsoft Visual Studio Solution File, Format Version 12.00
# Visual Studio Version 17
VisualStudioVersion = 17.7.34031.279
MinimumVisualStudioVersion = 10.0.40219.1
Project("{FAE04EC0-301F-11D3-BF4B-00C04F79EFBC}") = "Tree_Structures", "Tree_Structures\Tree_Structures.csproj", "{5AA89BE2-44E9-4944-BF68-32D20FF0E1DF}"
EndProject
Global
	GlobalSection(SolutionConfigurationPlatforms) = preSolution
		Debug|Any CPU = Debug|Any CPU
		Release|Any CPU = Release|Any CPU
	EndGlobalSection
	GlobalSection(ProjectConfigurationPlatforms) = postSolution
		{5AA89BE2-44E9-4944-BF68-32D20FF0E1DF}.Debug|Any CPU.ActiveCfg = Debug|Any CPU
		{5AA89BE2-44E9-4944-BF68-32D20FF0E1DF}.Debug|Any CPU.Build.0 = Debug|Any CPU
		{5AA89BE2-44E9-4944-BF68-32D20FF0E1DF}.Release|Any CPU.ActiveCfg = Release|Any CPU
		{5AA89BE2-44E9-4944-BF68-32D20FF0E1DF}.Release|Any CPU.Build.0 = Release|Any CPU
	EndGlobalSection
	GlobalSection(SolutionProperties) = preSolution
		HideSolutionNode = FALSE
	EndGlobalSection
	GlobalSection(ExtensibilityGlobals) = postSolution
		SolutionGuid = {1F8403D7-24F3-4745-A77A-FFE1031557A2}
	EndGlobalSection
EndGlobal
